
Microsoft Visual Studio Solution File, Format Version 12.00
# Visual Studio Version 16
VisualStudioVersion = 16.0.31702.278
MinimumVisualStudioVersion = 10.0.40219.1
Project("{2150E333-8FDC-42A3-9474-1A3956D46DE8}") = "Application", "Application", "{88054C71-8F5E-43D7-A97F-DAFDBCF2787B}"
EndProject
Project("{2150E333-8FDC-42A3-9474-1A3956D46DE8}") = "Domain", "Domain", "{BC04A7B4-587F-4542-B492-99DC49E1580C}"
EndProject
Project("{2150E333-8FDC-42A3-9474-1A3956D46DE8}") = "Infra.IoC", "Infra.IoC", "{E2B3A8E1-B7DB-4A10-BD78-7E0299E97FB6}"
EndProject
Project("{2150E333-8FDC-42A3-9474-1A3956D46DE8}") = "Infra.Data", "Infra.Data", "{8815A718-2209-4D8F-B97F-075C7D9A5860}"
EndProject
Project("{2150E333-8FDC-42A3-9474-1A3956D46DE8}") = "Presentation", "Presentation", "{35731A2B-65F1-4CEF-85B0-798ADF17B479}"
EndProject
Project("{FAE04EC0-301F-11D3-BF4B-00C04F79EFBC}") = "CleanArch.MVC", "CleanArch.MVC\CleanArch.MVC.csproj", "{BED79F9D-418B-440D-815A-99B822FCFE24}"
EndProject
Project("{FAE04EC0-301F-11D3-BF4B-00C04F79EFBC}") = "CleanArch.Domain", "CleanArch.Domain\CleanArch.Domain.csproj", "{A9DC05B9-9C9C-4F1C-811A-DBFCCBAE93EF}"
EndProject
Project("{FAE04EC0-301F-11D3-BF4B-00C04F79EFBC}") = "CleanArch.Infra.Data", "CleanArch.Infra.Data\CleanArch.Infra.Data.csproj", "{FA6CC4F4-652C-41A3-B54A-319D5E63A3A3}"
EndProject
Global
	GlobalSection(SolutionConfigurationPlatforms) = preSolution
		Debug|Any CPU = Debug|Any CPU
		Release|Any CPU = Release|Any CPU
	EndGlobalSection
	GlobalSection(ProjectConfigurationPlatforms) = postSolution
		{BED79F9D-418B-440D-815A-99B822FCFE24}.Debug|Any CPU.ActiveCfg = Debug|Any CPU
		{BED79F9D-418B-440D-815A-99B822FCFE24}.Debug|Any CPU.Build.0 = Debug|Any CPU
		{BED79F9D-418B-440D-815A-99B822FCFE24}.Release|Any CPU.ActiveCfg = Release|Any CPU
		{BED79F9D-418B-440D-815A-99B822FCFE24}.Release|Any CPU.Build.0 = Release|Any CPU
		{A9DC05B9-9C9C-4F1C-811A-DBFCCBAE93EF}.Debug|Any CPU.ActiveCfg = Debug|Any CPU
		{A9DC05B9-9C9C-4F1C-811A-DBFCCBAE93EF}.Debug|Any CPU.Build.0 = Debug|Any CPU
		{A9DC05B9-9C9C-4F1C-811A-DBFCCBAE93EF}.Release|Any CPU.ActiveCfg = Release|Any CPU
		{A9DC05B9-9C9C-4F1C-811A-DBFCCBAE93EF}.Release|Any CPU.Build.0 = Release|Any CPU
		{FA6CC4F4-652C-41A3-B54A-319D5E63A3A3}.Debug|Any CPU.ActiveCfg = Debug|Any CPU
		{FA6CC4F4-652C-41A3-B54A-319D5E63A3A3}.Debug|Any CPU.Build.0 = Debug|Any CPU
		{FA6CC4F4-652C-41A3-B54A-319D5E63A3A3}.Release|Any CPU.ActiveCfg = Release|Any CPU
		{FA6CC4F4-652C-41A3-B54A-319D5E63A3A3}.Release|Any CPU.Build.0 = Release|Any CPU
	EndGlobalSection
	GlobalSection(SolutionProperties) = preSolution
		HideSolutionNode = FALSE
	EndGlobalSection
	GlobalSection(NestedProjects) = preSolution
		{BED79F9D-418B-440D-815A-99B822FCFE24} = {35731A2B-65F1-4CEF-85B0-798ADF17B479}
		{A9DC05B9-9C9C-4F1C-811A-DBFCCBAE93EF} = {BC04A7B4-587F-4542-B492-99DC49E1580C}
		{FA6CC4F4-652C-41A3-B54A-319D5E63A3A3} = {8815A718-2209-4D8F-B97F-075C7D9A5860}
	EndGlobalSection
	GlobalSection(ExtensibilityGlobals) = postSolution
		SolutionGuid = {60EB49F3-5FA3-4C31-B858-72CA72F37291}
	EndGlobalSection
EndGlobal
